{
  "nodes": {
    "flake-compat": {
      "locked": {
        "lastModified": 1696426674,
        "narHash": "sha256-kvjfFW7WAETZlt09AgDn1MrtKzP7t90Vf7vypd3OL1U=",
        "rev": "0f9255e01c2351cc7d116c072cb317785dd33b33",
        "revCount": 57,
        "type": "tarball",
        "url": "https://api.flakehub.com/f/pinned/edolstra/flake-compat/1.0.1/018afb31-abd1-7bff-a5e4-cff7e18efb7a/source.tar.gz"
      },
      "original": {
        "type": "tarball",
        "url": "https://flakehub.com/f/edolstra/flake-compat/1.tar.gz"
      }
    },
    "flake-utils": {
      "inputs": {
        "systems": "systems"
      },
      "locked": {
        "lastModified": 1731533236,
        "narHash": "sha256-l0KFg5HjrsfsO/JpG+r7fRrqm12kzFHyUHqHCVpMMbI=",
        "owner": "numtide",
        "repo": "flake-utils",
        "rev": "11707dc2f618dd54ca8739b309ec4fc024de578b",
        "type": "github"
      },
      "original": {
        "owner": "numtide",
        "repo": "flake-utils",
        "type": "github"
      }
    },
    "nix-ros-overlay": {
      "inputs": {
        "flake-utils": [
          "flake-utils"
        ],
        "nixpkgs": "nixpkgs"
      },
      "locked": {
        "lastModified": 1757618515,
        "narHash": "sha256-dXyMjQUXVyc/Rviqb+nf1zZZwCHDDloLsEg8Xp2Ds2c=",
        "owner": "muellerbernd",
        "repo": "nix-ros-overlay",
        "rev": "6fa4f71e24c5a698efad8320448daf3f4fea3ff7",
        "type": "github"
      },
      "original": {
        "owner": "muellerbernd",
        "ref": "develop",
        "repo": "nix-ros-overlay",
        "type": "github"
      }
    },
    "nixgl": {
      "inputs": {
        "flake-utils": [
          "flake-utils"
        ],
        "nixpkgs": [
          "nixpkgs"
        ]
      },
      "locked": {
        "lastModified": 1752054764,
        "narHash": "sha256-Ob/HuUhANoDs+nvYqyTKrkcPXf4ZgXoqMTQoCK0RFgQ=",
        "owner": "nix-community",
        "repo": "nixGL",
        "rev": "a8e1ce7d49a149ed70df676785b07f63288f53c5",
        "type": "github"
      },
      "original": {
        "owner": "nix-community",
        "repo": "nixGL",
        "type": "github"
      }
    },
    "nixpkgs": {
      "locked": {
        "lastModified": 1744849697,
        "narHash": "sha256-S9hqvanPSeRu6R4cw0OhvH1rJ+4/s9xIban9C4ocM/0=",
        "owner": "lopsided98",
        "repo": "nixpkgs",
        "rev": "6318f538166fef9f5118d8d78b9b43a04bb049e4",
        "type": "github"
      },
      "original": {
        "owner": "lopsided98",
        "ref": "nix-ros",
        "repo": "nixpkgs",
        "type": "github"
      }
    },
    "root": {
      "inputs": {
        "flake-utils": "flake-utils",
        "nix-ros-overlay": "nix-ros-overlay",
        "nixgl": "nixgl",
        "nixpkgs": [
          "nix-ros-overlay",
          "nixpkgs"
        ],
        "ros2nix": "ros2nix"
      }
    },
    "ros2nix": {
      "inputs": {
        "flake-compat": "flake-compat",
        "flake-utils": [
          "flake-utils"
        ],
        "nix-ros-overlay": [
          "nix-ros-overlay"
        ],
        "nixpkgs": [
          "nixpkgs"
        ],
        "rosdistro": "rosdistro"
      },
      "locked": {
        "lastModified": 1757325950,
        "narHash": "sha256-109Ma8kKvek3LiEnfraR/P+iQLBAQShu0G3lx643D7Y=",
        "owner": "wentasah",
        "repo": "ros2nix",
        "rev": "965bb03ec08489bc91663541031375328c77dfb6",
        "type": "github"
      },
      "original": {
        "owner": "wentasah",
        "repo": "ros2nix",
        "type": "github"
      }
    },
    "rosdistro": {
      "flake": false,
      "locked": {
        "lastModified": 1757168945,
        "narHash": "sha256-PZOnJHzy1RhDz9/7drj3LSwNhatery1NGxXw22muOaM=",
        "owner": "ros",
        "repo": "rosdistro",
        "rev": "139e62814b1f8147b951d675409dc5b517f29268",
        "type": "github"
      },
      "original": {
        "owner": "ros",
        "repo": "rosdistro",
        "type": "github"
      }
    },
    "systems": {
      "locked": {
        "lastModified": 1681028828,
        "narHash": "sha256-Vy1rq5AaRuLzOxct8nz4T6wlgyUR7zLU309k9mBC768=",
        "owner": "nix-systems",
        "repo": "default",
        "rev": "da67096a3b9bf56a91d16901293e51ba5b49a27e",
        "type": "github"
      },
      "original": {
        "owner": "nix-systems",
        "repo": "default",
        "type": "github"
      }
    }
  },
  "root": "root",
  "version": 7
}
